{
  "version": 4,
  "terraform_version": "1.9.5",
  "serial": 8,
  "lineage": "be277abb-997c-872c-1eba-20941daf0107",
  "outputs": {
    "redis_endpoint": {
      "value": "volleytrack.dcu4ru.0001.use1.cache.amazonaws.com",
      "type": "string"
    }
  },
  "resources": [
    {
      "module": "module.redis_conta2",
      "mode": "managed",
      "type": "aws_elasticache_cluster",
      "name": "redis_cluster",
      "provider": "provider[\"registry.terraform.io/hashicorp/aws\"].conta2",
      "instances": [
        {
          "schema_version": 0,
          "attributes": {
            "apply_immediately": null,
            "arn": "arn:aws:elasticache:us-east-1:339713097342:cluster:volleytrack",
            "auto_minor_version_upgrade": "true",
            "availability_zone": "us-east-1e",
            "az_mode": "single-az",
            "cache_nodes": [
              {
                "address": "volleytrack.dcu4ru.0001.use1.cache.amazonaws.com",
                "availability_zone": "us-east-1e",
                "id": "0001",
                "outpost_arn": "",
                "port": 6379
              }
            ],
            "cluster_address": null,
            "cluster_id": "volleytrack",
            "configuration_endpoint": null,
            "engine": "redis",
            "engine_version": "7.1",
            "engine_version_actual": "7.1.0",
            "final_snapshot_identifier": null,
            "id": "volleytrack",
            "ip_discovery": "ipv4",
            "log_delivery_configuration": [],
            "maintenance_window": "tue:05:30-tue:06:30",
            "network_type": "ipv4",
            "node_type": "cache.t2.micro",
            "notification_topic_arn": null,
            "num_cache_nodes": 1,
            "outpost_mode": null,
            "parameter_group_name": "default.redis7",
            "port": 6379,
            "preferred_availability_zones": null,
            "preferred_outpost_arn": "",
            "replication_group_id": "",
            "security_group_ids": [],
            "snapshot_arns": null,
            "snapshot_name": null,
            "snapshot_retention_limit": 0,
            "snapshot_window": "09:00-10:00",
            "subnet_group_name": "default",
            "tags": null,
            "tags_all": {},
            "transit_encryption_enabled": false
          },
          "sensitive_attributes": [],
          "private": "bnVsbA=="
        }
      ]
    }
  ],
  "check_results": null
}
