{
  "version": 4,
  "terraform_version": "1.9.6",
  "serial": 78,
  "lineage": "be277abb-997c-872c-1eba-20941daf0107",
  "outputs": {
    "rds_endpoint": {
      "value": "volleytrack.c70aw8qy813u.us-east-1.rds.amazonaws.com:3306",
      "type": "string"
    },
    "redis_endpoint": {
      "value": "volleytrack.dcu4ru.0001.use1.cache.amazonaws.com",
      "type": "string"
    }
  },
  "resources": [
    {
      "module": "module.rds_conta2",
      "mode": "managed",
      "type": "aws_db_instance",
      "name": "rds_mysql",
      "provider": "provider[\"registry.terraform.io/hashicorp/aws\"].conta2",
      "instances": [
        {
          "schema_version": 2,
          "attributes": {
            "address": "volleytrack.c70aw8qy813u.us-east-1.rds.amazonaws.com",
            "allocated_storage": 20,
            "allow_major_version_upgrade": null,
            "apply_immediately": false,
            "arn": "arn:aws:rds:us-east-1:339713097342:db:volleytrack",
            "auto_minor_version_upgrade": true,
            "availability_zone": "us-east-1a",
            "backup_retention_period": 0,
            "backup_target": "region",
            "backup_window": "09:16-09:46",
            "blue_green_update": [],
            "ca_cert_identifier": "rds-ca-rsa2048-g1",
            "character_set_name": "",
            "copy_tags_to_snapshot": false,
            "custom_iam_instance_profile": "",
            "customer_owned_ip_enabled": false,
            "db_name": "",
            "db_subnet_group_name": "default",
            "dedicated_log_volume": false,
            "delete_automated_backups": true,
            "deletion_protection": false,
            "domain": "",
            "domain_auth_secret_arn": "",
            "domain_dns_ips": null,
            "domain_fqdn": "",
            "domain_iam_role_name": "",
            "domain_ou": "",
            "enabled_cloudwatch_logs_exports": null,
            "endpoint": "volleytrack.c70aw8qy813u.us-east-1.rds.amazonaws.com:3306",
            "engine": "mysql",
            "engine_lifecycle_support": "open-source-rds-extended-support",
            "engine_version": "8.0.35",
            "engine_version_actual": "8.0.35",
            "final_snapshot_identifier": null,
            "hosted_zone_id": "Z2R2ITUGPM61AM",
            "iam_database_authentication_enabled": false,
            "id": "db-WOWWAUYYUNCGYNVKZBAU22KXIQ",
            "identifier": "volleytrack",
            "identifier_prefix": "",
            "instance_class": "db.t3.micro",
            "iops": 0,
            "kms_key_id": "",
            "latest_restorable_time": "",
            "license_model": "general-public-license",
            "listener_endpoint": [],
            "maintenance_window": "fri:04:02-fri:04:32",
            "manage_master_user_password": null,
            "master_user_secret": [],
            "master_user_secret_kms_key_id": null,
            "max_allocated_storage": 0,
            "monitoring_interval": 0,
            "monitoring_role_arn": "",
            "multi_az": false,
            "nchar_character_set_name": "",
            "network_type": "IPV4",
            "option_group_name": "default:mysql-8-0",
            "parameter_group_name": "default.mysql8.0",
            "password": "vapor123",
            "performance_insights_enabled": false,
            "performance_insights_kms_key_id": "",
            "performance_insights_retention_period": 0,
            "port": 3306,
            "publicly_accessible": false,
            "replica_mode": "",
            "replicas": [],
            "replicate_source_db": "",
            "resource_id": "db-WOWWAUYYUNCGYNVKZBAU22KXIQ",
            "restore_to_point_in_time": [],
            "s3_import": [],
            "skip_final_snapshot": true,
            "snapshot_identifier": null,
            "status": "available",
            "storage_encrypted": false,
            "storage_throughput": 0,
            "storage_type": "gp2",
            "tags": null,
            "tags_all": {},
            "timeouts": null,
            "timezone": "",
            "upgrade_storage_config": null,
            "username": "vapor",
            "vpc_security_group_ids": [
              "sg-0173d4c68a13c394d"
            ]
          },
          "sensitive_attributes": [
            [
              {
                "type": "get_attr",
                "value": "password"
              }
            ]
          ],
          "private": "eyJlMmJmYjczMC1lY2FhLTExZTYtOGY4OC0zNDM2M2JjN2M0YzAiOnsiY3JlYXRlIjoyNDAwMDAwMDAwMDAwLCJkZWxldGUiOjM2MDAwMDAwMDAwMDAsInVwZGF0ZSI6NDgwMDAwMDAwMDAwMH0sInNjaGVtYV92ZXJzaW9uIjoiMiJ9"
        }
      ]
    },
    {
      "module": "module.redis_conta2",
      "mode": "managed",
      "type": "aws_elasticache_cluster",
      "name": "redis_cluster",
      "provider": "provider[\"registry.terraform.io/hashicorp/aws\"].conta2",
      "instances": [
        {
          "schema_version": 0,
          "attributes": {
            "apply_immediately": null,
            "arn": "arn:aws:elasticache:us-east-1:339713097342:cluster:volleytrack",
            "auto_minor_version_upgrade": "true",
            "availability_zone": "us-east-1d",
            "az_mode": "single-az",
            "cache_nodes": [
              {
                "address": "volleytrack.dcu4ru.0001.use1.cache.amazonaws.com",
                "availability_zone": "us-east-1d",
                "id": "0001",
                "outpost_arn": "",
                "port": 6379
              }
            ],
            "cluster_address": null,
            "cluster_id": "volleytrack",
            "configuration_endpoint": null,
            "engine": "redis",
            "engine_version": "6.x",
            "engine_version_actual": "6.2.6",
            "final_snapshot_identifier": null,
            "id": "volleytrack",
            "ip_discovery": "ipv4",
            "log_delivery_configuration": [],
            "maintenance_window": "wed:09:00-wed:10:00",
            "network_type": "ipv4",
            "node_type": "cache.t2.micro",
            "notification_topic_arn": null,
            "num_cache_nodes": 1,
            "outpost_mode": null,
            "parameter_group_name": "default.redis6.x",
            "port": 6379,
            "preferred_availability_zones": null,
            "preferred_outpost_arn": "",
            "replication_group_id": "",
            "security_group_ids": [],
            "snapshot_arns": null,
            "snapshot_name": null,
            "snapshot_retention_limit": 0,
            "snapshot_window": "06:00-07:00",
            "subnet_group_name": "default",
            "tags": null,
            "tags_all": {},
            "transit_encryption_enabled": false
          },
          "sensitive_attributes": [],
          "private": "bnVsbA=="
        }
      ]
    }
  ],
  "check_results": null
}
